
Microsoft Visual Studio Solution File, Format Version 12.00
# Visual Studio Version 17
VisualStudioVersion = 17.3.32721.290
MinimumVisualStudioVersion = 10.0.40219.1
Project("{FAE04EC0-301F-11D3-BF4B-00C04F79EFBC}") = "ReedScraper", "ReedScraper\ReedScraper.csproj", "{AB817AA7-3D42-466A-AAED-3AA8D24703A9}"
EndProject
Global
	GlobalSection(SolutionConfigurationPlatforms) = preSolution
		Debug|Any CPU = Debug|Any CPU
		Release|Any CPU = Release|Any CPU
	EndGlobalSection
	GlobalSection(ProjectConfigurationPlatforms) = postSolution
		{AB817AA7-3D42-466A-AAED-3AA8D24703A9}.Debug|Any CPU.ActiveCfg = Debug|Any CPU
		{AB817AA7-3D42-466A-AAED-3AA8D24703A9}.Debug|Any CPU.Build.0 = Debug|Any CPU
		{AB817AA7-3D42-466A-AAED-3AA8D24703A9}.Release|Any CPU.ActiveCfg = Release|Any CPU
		{AB817AA7-3D42-466A-AAED-3AA8D24703A9}.Release|Any CPU.Build.0 = Release|Any CPU
	EndGlobalSection
	GlobalSection(SolutionProperties) = preSolution
		HideSolutionNode = FALSE
	EndGlobalSection
	GlobalSection(ExtensibilityGlobals) = postSolution
		SolutionGuid = {C3B76337-9BF8-4AA2-8C6B-D753353CA287}
	EndGlobalSection
EndGlobal
